
Microsoft Visual Studio Solution File, Format Version 10.00
# Visual Studio 2008
Project("{FAE04EC0-301F-11D3-BF4B-00C04F79EFBC}") = "MovieListCreator", "MovieListCreator.csproj", "{1F490EA8-8E9E-45B9-972A-757AA79CBEAE}"
EndProject
Global
	GlobalSection(SolutionConfigurationPlatforms) = preSolution
		Debug|Any CPU = Debug|Any CPU
		Release|Any CPU = Release|Any CPU
	EndGlobalSection
	GlobalSection(ProjectConfigurationPlatforms) = postSolution
		{1F490EA8-8E9E-45B9-972A-757AA79CBEAE}.Debug|Any CPU.ActiveCfg = Debug|Any CPU
		{1F490EA8-8E9E-45B9-972A-757AA79CBEAE}.Debug|Any CPU.Build.0 = Debug|Any CPU
		{1F490EA8-8E9E-45B9-972A-757AA79CBEAE}.Release|Any CPU.ActiveCfg = Release|Any CPU
		{1F490EA8-8E9E-45B9-972A-757AA79CBEAE}.Release|Any CPU.Build.0 = Release|Any CPU
	EndGlobalSection
	GlobalSection(SolutionProperties) = preSolution
		HideSolutionNode = FALSE
	EndGlobalSection
EndGlobal
